
Microsoft Visual Studio Solution File, Format Version 12.00
# Visual Studio 14
VisualStudioVersion = 14.0.25420.1
MinimumVisualStudioVersion = 10.0.40219.1
Project("{FAE04EC0-301F-11D3-BF4B-00C04F79EFBC}") = "01. Matrix of Palindromes", "01. Matrix of Palindromes\01. Matrix of Palindromes.csproj", "{8871F624-AD05-4E13-8B54-2EDF0961EC0C}"
EndProject
Global
	GlobalSection(SolutionConfigurationPlatforms) = preSolution
		Debug|Any CPU = Debug|Any CPU
		Release|Any CPU = Release|Any CPU
	EndGlobalSection
	GlobalSection(ProjectConfigurationPlatforms) = postSolution
		{8871F624-AD05-4E13-8B54-2EDF0961EC0C}.Debug|Any CPU.ActiveCfg = Debug|Any CPU
		{8871F624-AD05-4E13-8B54-2EDF0961EC0C}.Debug|Any CPU.Build.0 = Debug|Any CPU
		{8871F624-AD05-4E13-8B54-2EDF0961EC0C}.Release|Any CPU.ActiveCfg = Release|Any CPU
		{8871F624-AD05-4E13-8B54-2EDF0961EC0C}.Release|Any CPU.Build.0 = Release|Any CPU
	EndGlobalSection
	GlobalSection(SolutionProperties) = preSolution
		HideSolutionNode = FALSE
	EndGlobalSection
EndGlobal
