
Microsoft Visual Studio Solution File, Format Version 12.00
# Visual Studio 14
VisualStudioVersion = 14.0.25420.1
MinimumVisualStudioVersion = 10.0.40219.1
Project("{FAE04EC0-301F-11D3-BF4B-00C04F79EFBC}") = "1. Books Titles by Age Restriction", "1. Books Titles by Age Restriction\1. Books Titles by Age Restriction.csproj", "{803EB357-0B85-402A-A802-47E0CB452081}"
EndProject
Project("{FAE04EC0-301F-11D3-BF4B-00C04F79EFBC}") = "2. Golden Books", "2. Golden Books\2. Golden Books.csproj", "{90C01A4E-1F63-40A9-A9B6-E3FA0B1AEDFC}"
EndProject
Project("{FAE04EC0-301F-11D3-BF4B-00C04F79EFBC}") = "BookShopDB", "BookShopDB\BookShopDB.csproj", "{D7C3B3B4-184F-4FEC-88EF-9A3F949D4605}"
EndProject
Global
	GlobalSection(SolutionConfigurationPlatforms) = preSolution
		Debug|Any CPU = Debug|Any CPU
		Release|Any CPU = Release|Any CPU
	EndGlobalSection
	GlobalSection(ProjectConfigurationPlatforms) = postSolution
		{803EB357-0B85-402A-A802-47E0CB452081}.Debug|Any CPU.ActiveCfg = Debug|Any CPU
		{803EB357-0B85-402A-A802-47E0CB452081}.Debug|Any CPU.Build.0 = Debug|Any CPU
		{803EB357-0B85-402A-A802-47E0CB452081}.Release|Any CPU.ActiveCfg = Release|Any CPU
		{803EB357-0B85-402A-A802-47E0CB452081}.Release|Any CPU.Build.0 = Release|Any CPU
		{90C01A4E-1F63-40A9-A9B6-E3FA0B1AEDFC}.Debug|Any CPU.ActiveCfg = Debug|Any CPU
		{90C01A4E-1F63-40A9-A9B6-E3FA0B1AEDFC}.Debug|Any CPU.Build.0 = Debug|Any CPU
		{90C01A4E-1F63-40A9-A9B6-E3FA0B1AEDFC}.Release|Any CPU.ActiveCfg = Release|Any CPU
		{90C01A4E-1F63-40A9-A9B6-E3FA0B1AEDFC}.Release|Any CPU.Build.0 = Release|Any CPU
		{D7C3B3B4-184F-4FEC-88EF-9A3F949D4605}.Debug|Any CPU.ActiveCfg = Debug|Any CPU
		{D7C3B3B4-184F-4FEC-88EF-9A3F949D4605}.Debug|Any CPU.Build.0 = Debug|Any CPU
		{D7C3B3B4-184F-4FEC-88EF-9A3F949D4605}.Release|Any CPU.ActiveCfg = Release|Any CPU
		{D7C3B3B4-184F-4FEC-88EF-9A3F949D4605}.Release|Any CPU.Build.0 = Release|Any CPU
	EndGlobalSection
	GlobalSection(SolutionProperties) = preSolution
		HideSolutionNode = FALSE
	EndGlobalSection
EndGlobal
