
Microsoft Visual Studio Solution File, Format Version 12.00
# Visual Studio 14
VisualStudioVersion = 14.0.25420.1
MinimumVisualStudioVersion = 10.0.40219.1
Project("{FAE04EC0-301F-11D3-BF4B-00C04F79EFBC}") = "1. Products Shop", "1. Products Shop\1. Products Shop.csproj", "{FEAEA169-34A7-4C33-9034-1C217E4505BA}"
EndProject
Project("{FAE04EC0-301F-11D3-BF4B-00C04F79EFBC}") = "2. Import Products Shop data", "2. Import Products Shop data\2. Import Products Shop data.csproj", "{3B57FA72-EED3-4082-B2C0-05B95E1C53AA}"
EndProject
Global
	GlobalSection(SolutionConfigurationPlatforms) = preSolution
		Debug|Any CPU = Debug|Any CPU
		Release|Any CPU = Release|Any CPU
	EndGlobalSection
	GlobalSection(ProjectConfigurationPlatforms) = postSolution
		{FEAEA169-34A7-4C33-9034-1C217E4505BA}.Debug|Any CPU.ActiveCfg = Debug|Any CPU
		{FEAEA169-34A7-4C33-9034-1C217E4505BA}.Debug|Any CPU.Build.0 = Debug|Any CPU
		{FEAEA169-34A7-4C33-9034-1C217E4505BA}.Release|Any CPU.ActiveCfg = Release|Any CPU
		{FEAEA169-34A7-4C33-9034-1C217E4505BA}.Release|Any CPU.Build.0 = Release|Any CPU
		{3B57FA72-EED3-4082-B2C0-05B95E1C53AA}.Debug|Any CPU.ActiveCfg = Debug|Any CPU
		{3B57FA72-EED3-4082-B2C0-05B95E1C53AA}.Debug|Any CPU.Build.0 = Debug|Any CPU
		{3B57FA72-EED3-4082-B2C0-05B95E1C53AA}.Release|Any CPU.ActiveCfg = Release|Any CPU
		{3B57FA72-EED3-4082-B2C0-05B95E1C53AA}.Release|Any CPU.Build.0 = Release|Any CPU
	EndGlobalSection
	GlobalSection(SolutionProperties) = preSolution
		HideSolutionNode = FALSE
	EndGlobalSection
EndGlobal
