
Microsoft Visual Studio Solution File, Format Version 12.00
# Visual Studio 15
VisualStudioVersion = 15.0.26730.16
MinimumVisualStudioVersion = 10.0.40219.1
Project("{FAE04EC0-301F-11D3-BF4B-00C04F79EFBC}") = "BookShop.Api", "BookShop.Api\BookShop.Api.csproj", "{A300FB13-9C6C-4526-87B2-1C8254769EA3}"
EndProject
Project("{FAE04EC0-301F-11D3-BF4B-00C04F79EFBC}") = "BookShop.Data", "BookShop.Data\BookShop.Data.csproj", "{2130E118-0B5D-4560-B747-8289C06CEE6B}"
EndProject
Global
	GlobalSection(SolutionConfigurationPlatforms) = preSolution
		Debug|Any CPU = Debug|Any CPU
		Release|Any CPU = Release|Any CPU
	EndGlobalSection
	GlobalSection(ProjectConfigurationPlatforms) = postSolution
		{A300FB13-9C6C-4526-87B2-1C8254769EA3}.Debug|Any CPU.ActiveCfg = Debug|Any CPU
		{A300FB13-9C6C-4526-87B2-1C8254769EA3}.Debug|Any CPU.Build.0 = Debug|Any CPU
		{A300FB13-9C6C-4526-87B2-1C8254769EA3}.Release|Any CPU.ActiveCfg = Release|Any CPU
		{A300FB13-9C6C-4526-87B2-1C8254769EA3}.Release|Any CPU.Build.0 = Release|Any CPU
		{2130E118-0B5D-4560-B747-8289C06CEE6B}.Debug|Any CPU.ActiveCfg = Debug|Any CPU
		{2130E118-0B5D-4560-B747-8289C06CEE6B}.Debug|Any CPU.Build.0 = Debug|Any CPU
		{2130E118-0B5D-4560-B747-8289C06CEE6B}.Release|Any CPU.ActiveCfg = Release|Any CPU
		{2130E118-0B5D-4560-B747-8289C06CEE6B}.Release|Any CPU.Build.0 = Release|Any CPU
	EndGlobalSection
	GlobalSection(SolutionProperties) = preSolution
		HideSolutionNode = FALSE
	EndGlobalSection
	GlobalSection(ExtensibilityGlobals) = postSolution
		SolutionGuid = {8D26D032-A9A3-48A7-8AD7-C646467B43EF}
	EndGlobalSection
EndGlobal
