
Microsoft Visual Studio Solution File, Format Version 12.00
# Visual Studio 15
VisualStudioVersion = 15.0.26730.16
MinimumVisualStudioVersion = 10.0.40219.1
Project("{FAE04EC0-301F-11D3-BF4B-00C04F79EFBC}") = "SittersMvc.Web", "SittersMvc.Web\SittersMvc.Web.csproj", "{65D1A35F-1326-48D1-8D23-CA740E3D444F}"
EndProject
Project("{FAE04EC0-301F-11D3-BF4B-00C04F79EFBC}") = "SittersMvc.Services", "SittersMvc.Services\SittersMvc.Services.csproj", "{9F14BA87-9E08-4C42-9DF5-94D80DF6EA3B}"
EndProject
Project("{FAE04EC0-301F-11D3-BF4B-00C04F79EFBC}") = "SittersMvc.Data", "SittersMvc.Data\SittersMvc.Data.csproj", "{EDB43908-527C-402E-9732-86B5796CA5AA}"
EndProject
Global
	GlobalSection(SolutionConfigurationPlatforms) = preSolution
		Debug|Any CPU = Debug|Any CPU
		Release|Any CPU = Release|Any CPU
	EndGlobalSection
	GlobalSection(ProjectConfigurationPlatforms) = postSolution
		{65D1A35F-1326-48D1-8D23-CA740E3D444F}.Debug|Any CPU.ActiveCfg = Debug|Any CPU
		{65D1A35F-1326-48D1-8D23-CA740E3D444F}.Debug|Any CPU.Build.0 = Debug|Any CPU
		{65D1A35F-1326-48D1-8D23-CA740E3D444F}.Release|Any CPU.ActiveCfg = Release|Any CPU
		{65D1A35F-1326-48D1-8D23-CA740E3D444F}.Release|Any CPU.Build.0 = Release|Any CPU
		{9F14BA87-9E08-4C42-9DF5-94D80DF6EA3B}.Debug|Any CPU.ActiveCfg = Debug|Any CPU
		{9F14BA87-9E08-4C42-9DF5-94D80DF6EA3B}.Debug|Any CPU.Build.0 = Debug|Any CPU
		{9F14BA87-9E08-4C42-9DF5-94D80DF6EA3B}.Release|Any CPU.ActiveCfg = Release|Any CPU
		{9F14BA87-9E08-4C42-9DF5-94D80DF6EA3B}.Release|Any CPU.Build.0 = Release|Any CPU
		{EDB43908-527C-402E-9732-86B5796CA5AA}.Debug|Any CPU.ActiveCfg = Debug|Any CPU
		{EDB43908-527C-402E-9732-86B5796CA5AA}.Debug|Any CPU.Build.0 = Debug|Any CPU
		{EDB43908-527C-402E-9732-86B5796CA5AA}.Release|Any CPU.ActiveCfg = Release|Any CPU
		{EDB43908-527C-402E-9732-86B5796CA5AA}.Release|Any CPU.Build.0 = Release|Any CPU
	EndGlobalSection
	GlobalSection(SolutionProperties) = preSolution
		HideSolutionNode = FALSE
	EndGlobalSection
	GlobalSection(ExtensibilityGlobals) = postSolution
		SolutionGuid = {7C24C0F4-0115-4766-BA5F-E0069897223E}
	EndGlobalSection
EndGlobal
